
Microsoft Visual Studio Solution File, Format Version 12.00
# Visual Studio Version 17
VisualStudioVersion = 17.8.34316.72
MinimumVisualStudioVersion = 10.0.40219.1
Project("{9A19103F-16F7-4668-BE54-9A1E7A4F7556}") = "N5ChallengeWebApi", "WebApplication1\N5ChallengeWebApi.csproj", "{55D8728A-4255-4015-AC33-B159B33264F5}"
EndProject
Project("{9A19103F-16F7-4668-BE54-9A1E7A4F7556}") = "N5ChallengeWebApiDomain", "N5ChallengeWebApiDomain\N5ChallengeWebApiDomain.csproj", "{09BF9483-4B23-455B-A708-A8A5723608CF}"
EndProject
Project("{9A19103F-16F7-4668-BE54-9A1E7A4F7556}") = "N5ChallengeWebApiInfrastructure", "N5ChallengeWebApiRepository\N5ChallengeWebApiInfrastructure.csproj", "{5B6588CA-0D81-47BA-B969-33E2D93A9C4F}"
EndProject
Project("{2150E333-8FDC-42A3-9474-1A3956D46DE8}") = "Elementos de la solución", "Elementos de la solución", "{2BDBD6B4-EBBA-4F98-8048-E384BA8450F4}"
	ProjectSection(SolutionItems) = preProject
		.gitignore = .gitignore
	EndProjectSection
EndProject
Project("{9A19103F-16F7-4668-BE54-9A1E7A4F7556}") = "N5ChallengeWebApiApplication", "N5ChallengeWebApiApplication\N5ChallengeWebApiApplication.csproj", "{DDEF9ABD-CCA2-4E99-8552-DFA020CF6A59}"
EndProject
Global
	GlobalSection(SolutionConfigurationPlatforms) = preSolution
		Debug|Any CPU = Debug|Any CPU
		Release|Any CPU = Release|Any CPU
	EndGlobalSection
	GlobalSection(ProjectConfigurationPlatforms) = postSolution
		{55D8728A-4255-4015-AC33-B159B33264F5}.Debug|Any CPU.ActiveCfg = Debug|Any CPU
		{55D8728A-4255-4015-AC33-B159B33264F5}.Debug|Any CPU.Build.0 = Debug|Any CPU
		{55D8728A-4255-4015-AC33-B159B33264F5}.Release|Any CPU.ActiveCfg = Release|Any CPU
		{55D8728A-4255-4015-AC33-B159B33264F5}.Release|Any CPU.Build.0 = Release|Any CPU
		{09BF9483-4B23-455B-A708-A8A5723608CF}.Debug|Any CPU.ActiveCfg = Debug|Any CPU
		{09BF9483-4B23-455B-A708-A8A5723608CF}.Debug|Any CPU.Build.0 = Debug|Any CPU
		{09BF9483-4B23-455B-A708-A8A5723608CF}.Release|Any CPU.ActiveCfg = Release|Any CPU
		{09BF9483-4B23-455B-A708-A8A5723608CF}.Release|Any CPU.Build.0 = Release|Any CPU
		{5B6588CA-0D81-47BA-B969-33E2D93A9C4F}.Debug|Any CPU.ActiveCfg = Debug|Any CPU
		{5B6588CA-0D81-47BA-B969-33E2D93A9C4F}.Debug|Any CPU.Build.0 = Debug|Any CPU
		{5B6588CA-0D81-47BA-B969-33E2D93A9C4F}.Release|Any CPU.ActiveCfg = Release|Any CPU
		{5B6588CA-0D81-47BA-B969-33E2D93A9C4F}.Release|Any CPU.Build.0 = Release|Any CPU
		{DDEF9ABD-CCA2-4E99-8552-DFA020CF6A59}.Debug|Any CPU.ActiveCfg = Debug|Any CPU
		{DDEF9ABD-CCA2-4E99-8552-DFA020CF6A59}.Debug|Any CPU.Build.0 = Debug|Any CPU
		{DDEF9ABD-CCA2-4E99-8552-DFA020CF6A59}.Release|Any CPU.ActiveCfg = Release|Any CPU
		{DDEF9ABD-CCA2-4E99-8552-DFA020CF6A59}.Release|Any CPU.Build.0 = Release|Any CPU
	EndGlobalSection
	GlobalSection(SolutionProperties) = preSolution
		HideSolutionNode = FALSE
	EndGlobalSection
	GlobalSection(ExtensibilityGlobals) = postSolution
		SolutionGuid = {7AF388C6-8FEF-4444-93F9-21A9BEA20B3D}
	EndGlobalSection
EndGlobal
